PODS:
  - SwiftyScrollableGraph (0.9.1)

DEPENDENCIES:
  - SwiftyScrollableGraph (from `https://github.com/IvanovGeorge/SwiftyScrollableGraph`, tag `0.9.1`)

EXTERNAL SOURCES:
  SwiftyScrollableGraph:
    :git: https://github.com/IvanovGeorge/SwiftyScrollableGraph
    :tag: 0.9.1

CHECKOUT OPTIONS:
  SwiftyScrollableGraph:
    :git: https://github.com/IvanovGeorge/SwiftyScrollableGraph
    :tag: 0.9.1

SPEC CHECKSUMS:
  SwiftyScrollableGraph: 81e003fc7321b2db81ac8a8a04a0e55e5f321f16

PODFILE CHECKSUM: e3e1018a771debbf0036e40973661904195258c0

COCOAPODS: 1.3.1
